
Microsoft Visual Studio Solution File, Format Version 12.00
# Visual Studio Version 16
VisualStudioVersion = 16.0.29326.143
MinimumVisualStudioVersion = 10.0.40219.1
Project("{FAE04EC0-301F-11D3-BF4B-00C04F79EFBC}") = "laba7.2", "laba7.2\laba7.2.csproj", "{287B0E2E-4431-40BE-B65D-04782D65E745}"
EndProject
Global
	GlobalSection(SolutionConfigurationPlatforms) = preSolution
		Debug|Any CPU = Debug|Any CPU
		Release|Any CPU = Release|Any CPU
	EndGlobalSection
	GlobalSection(ProjectConfigurationPlatforms) = postSolution
		{287B0E2E-4431-40BE-B65D-04782D65E745}.Debug|Any CPU.ActiveCfg = Debug|Any CPU
		{287B0E2E-4431-40BE-B65D-04782D65E745}.Debug|Any CPU.Build.0 = Debug|Any CPU
		{287B0E2E-4431-40BE-B65D-04782D65E745}.Release|Any CPU.ActiveCfg = Release|Any CPU
		{287B0E2E-4431-40BE-B65D-04782D65E745}.Release|Any CPU.Build.0 = Release|Any CPU
	EndGlobalSection
	GlobalSection(SolutionProperties) = preSolution
		HideSolutionNode = FALSE
	EndGlobalSection
	GlobalSection(ExtensibilityGlobals) = postSolution
		SolutionGuid = {DFD0896B-8AAC-41C1-8E2F-9EFD1BD3A8D9}
	EndGlobalSection
EndGlobal
